
Microsoft Visual Studio Solution File, Format Version 12.00
# Visual Studio Version 17
VisualStudioVersion = 17.4.33213.308
MinimumVisualStudioVersion = 10.0.40219.1
Project("{FAE04EC0-301F-11D3-BF4B-00C04F79EFBC}") = "PBRHex", "PBRHex\PBRHex.csproj", "{E1D96D78-E500-4BDD-BFB5-FDEC0573CEED}"
EndProject
Project("{54435603-DBB4-11D2-8724-00A0C9A8B90C}") = "PBRHex Setup", "PBRHex Setup\PBRHex Setup.vdproj", "{0803B1FC-C213-4ABA-8AA9-86C56989C01C}"
EndProject
Project("{9A19103F-16F7-4668-BE54-9A1E7A4F7556}") = "PBRHex-Core", "PBRHex-Core\PBRHex-Core.csproj", "{51CDCBC4-EC4D-47A5-8A54-A37CB7499871}"
EndProject
Project("{9A19103F-16F7-4668-BE54-9A1E7A4F7556}") = "PBRHex-CLI", "PBRHex-CLI\PBRHex-CLI.csproj", "{6398FD92-FCE1-4000-AA38-DAE02089F5E0}"
EndProject
Project("{2150E333-8FDC-42A3-9474-1A3956D46DE8}") = "Solution Items", "Solution Items", "{2AB37FC2-0AA6-4168-AB30-F577C039DC0E}"
	ProjectSection(SolutionItems) = preProject
		.editorconfig = .editorconfig
	EndProjectSection
EndProject
Global
	GlobalSection(SolutionConfigurationPlatforms) = preSolution
		Debug|Any CPU = Debug|Any CPU
		Debug|x64 = Debug|x64
		Debug|x86 = Debug|x86
		Release|Any CPU = Release|Any CPU
		Release|x64 = Release|x64
		Release|x86 = Release|x86
	EndGlobalSection
	GlobalSection(ProjectConfigurationPlatforms) = postSolution
		{E1D96D78-E500-4BDD-BFB5-FDEC0573CEED}.Debug|Any CPU.ActiveCfg = Debug|Any CPU
		{E1D96D78-E500-4BDD-BFB5-FDEC0573CEED}.Debug|Any CPU.Build.0 = Debug|Any CPU
		{E1D96D78-E500-4BDD-BFB5-FDEC0573CEED}.Debug|x64.ActiveCfg = Debug|x64
		{E1D96D78-E500-4BDD-BFB5-FDEC0573CEED}.Debug|x64.Build.0 = Debug|x64
		{E1D96D78-E500-4BDD-BFB5-FDEC0573CEED}.Debug|x86.ActiveCfg = Debug|Any CPU
		{E1D96D78-E500-4BDD-BFB5-FDEC0573CEED}.Debug|x86.Build.0 = Debug|Any CPU
		{E1D96D78-E500-4BDD-BFB5-FDEC0573CEED}.Release|Any CPU.ActiveCfg = Release|Any CPU
		{E1D96D78-E500-4BDD-BFB5-FDEC0573CEED}.Release|Any CPU.Build.0 = Release|Any CPU
		{E1D96D78-E500-4BDD-BFB5-FDEC0573CEED}.Release|x64.ActiveCfg = Release|x64
		{E1D96D78-E500-4BDD-BFB5-FDEC0573CEED}.Release|x64.Build.0 = Release|x64
		{E1D96D78-E500-4BDD-BFB5-FDEC0573CEED}.Release|x86.ActiveCfg = Release|Any CPU
		{E1D96D78-E500-4BDD-BFB5-FDEC0573CEED}.Release|x86.Build.0 = Release|Any CPU
		{0803B1FC-C213-4ABA-8AA9-86C56989C01C}.Debug|Any CPU.ActiveCfg = Debug
		{0803B1FC-C213-4ABA-8AA9-86C56989C01C}.Debug|x64.ActiveCfg = Debug
		{0803B1FC-C213-4ABA-8AA9-86C56989C01C}.Debug|x86.ActiveCfg = Debug
		{0803B1FC-C213-4ABA-8AA9-86C56989C01C}.Release|Any CPU.ActiveCfg = Release
		{0803B1FC-C213-4ABA-8AA9-86C56989C01C}.Release|Any CPU.Build.0 = Release
		{0803B1FC-C213-4ABA-8AA9-86C56989C01C}.Release|x64.ActiveCfg = Release
		{0803B1FC-C213-4ABA-8AA9-86C56989C01C}.Release|x86.ActiveCfg = Release
		{51CDCBC4-EC4D-47A5-8A54-A37CB7499871}.Debug|Any CPU.ActiveCfg = Debug|Any CPU
		{51CDCBC4-EC4D-47A5-8A54-A37CB7499871}.Debug|Any CPU.Build.0 = Debug|Any CPU
		{51CDCBC4-EC4D-47A5-8A54-A37CB7499871}.Debug|x64.ActiveCfg = Debug|Any CPU
		{51CDCBC4-EC4D-47A5-8A54-A37CB7499871}.Debug|x64.Build.0 = Debug|Any CPU
		{51CDCBC4-EC4D-47A5-8A54-A37CB7499871}.Debug|x86.ActiveCfg = Debug|Any CPU
		{51CDCBC4-EC4D-47A5-8A54-A37CB7499871}.Debug|x86.Build.0 = Debug|Any CPU
		{51CDCBC4-EC4D-47A5-8A54-A37CB7499871}.Release|Any CPU.ActiveCfg = Release|Any CPU
		{51CDCBC4-EC4D-47A5-8A54-A37CB7499871}.Release|Any CPU.Build.0 = Release|Any CPU
		{51CDCBC4-EC4D-47A5-8A54-A37CB7499871}.Release|x64.ActiveCfg = Release|Any CPU
		{51CDCBC4-EC4D-47A5-8A54-A37CB7499871}.Release|x64.Build.0 = Release|Any CPU
		{51CDCBC4-EC4D-47A5-8A54-A37CB7499871}.Release|x86.ActiveCfg = Release|Any CPU
		{51CDCBC4-EC4D-47A5-8A54-A37CB7499871}.Release|x86.Build.0 = Release|Any CPU
		{6398FD92-FCE1-4000-AA38-DAE02089F5E0}.Debug|Any CPU.ActiveCfg = Debug|Any CPU
		{6398FD92-FCE1-4000-AA38-DAE02089F5E0}.Debug|Any CPU.Build.0 = Debug|Any CPU
		{6398FD92-FCE1-4000-AA38-DAE02089F5E0}.Debug|x64.ActiveCfg = Debug|Any CPU
		{6398FD92-FCE1-4000-AA38-DAE02089F5E0}.Debug|x64.Build.0 = Debug|Any CPU
		{6398FD92-FCE1-4000-AA38-DAE02089F5E0}.Debug|x86.ActiveCfg = Debug|Any CPU
		{6398FD92-FCE1-4000-AA38-DAE02089F5E0}.Debug|x86.Build.0 = Debug|Any CPU
		{6398FD92-FCE1-4000-AA38-DAE02089F5E0}.Release|Any CPU.ActiveCfg = Release|Any CPU
		{6398FD92-FCE1-4000-AA38-DAE02089F5E0}.Release|Any CPU.Build.0 = Release|Any CPU
		{6398FD92-FCE1-4000-AA38-DAE02089F5E0}.Release|x64.ActiveCfg = Release|Any CPU
		{6398FD92-FCE1-4000-AA38-DAE02089F5E0}.Release|x64.Build.0 = Release|Any CPU
		{6398FD92-FCE1-4000-AA38-DAE02089F5E0}.Release|x86.ActiveCfg = Release|Any CPU
		{6398FD92-FCE1-4000-AA38-DAE02089F5E0}.Release|x86.Build.0 = Release|Any CPU
	EndGlobalSection
	GlobalSection(SolutionProperties) = preSolution
		HideSolutionNode = FALSE
	EndGlobalSection
	GlobalSection(ExtensibilityGlobals) = postSolution
		SolutionGuid = {38F40AA3-8BD3-40CE-9ED3-F0B5028DD5D2}
	EndGlobalSection
EndGlobal
